
Microsoft Visual Studio Solution File, Format Version 12.00
# Visual Studio 2012
Project("{FAE04EC0-301F-11D3-BF4B-00C04F79EFBC}") = "PhotoServer", "PhotoServer\PhotoServer.csproj", "{CE764A41-3E9D-425A-96E8-3BC6E76B2CA3}"
EndProject
Project("{FAE04EC0-301F-11D3-BF4B-00C04F79EFBC}") = "PhotoServer_Tests", "PhotoServer_Tests\PhotoServer_Tests.csproj", "{A2A5E33B-791C-4CE0-8040-9586505032B0}"
EndProject
Project("{FAE04EC0-301F-11D3-BF4B-00C04F79EFBC}") = "PhotoServer.DataAccessLayer", "..\RacePhotosData\PhotoServer.DataAccessLayer\PhotoServer.DataAccessLayer.csproj", "{A3AD1891-A743-4912-878B-8D31CE2AAD2E}"
EndProject
Project("{FAE04EC0-301F-11D3-BF4B-00C04F79EFBC}") = "PhotoServer.Domain", "..\RacePhotosData\PhotoServer.Domain\PhotoServer.Domain.csproj", "{F8BE44F9-5540-4D9D-84F8-A2614CD30987}"
EndProject
Project("{2150E333-8FDC-42A3-9474-1A3956D46DE8}") = ".nuget", ".nuget", "{7E1A8DC1-76FC-452C-ACFF-ED81FEC5AADB}"
	ProjectSection(SolutionItems) = preProject
		.nuget\packages.config = .nuget\packages.config
	EndProjectSection
EndProject
Project("{FAE04EC0-301F-11D3-BF4B-00C04F79EFBC}") = "RacePhotosTestSupport", "RacePhotosTestSupport\RacePhotosTestSupport.csproj", "{5056E31E-12C6-440C-8C50-E7DB2CCD060C}"
EndProject
Global
	GlobalSection(SolutionConfigurationPlatforms) = preSolution
		Debug|Any CPU = Debug|Any CPU
		Release|Any CPU = Release|Any CPU
	EndGlobalSection
	GlobalSection(ProjectConfigurationPlatforms) = postSolution
		{CE764A41-3E9D-425A-96E8-3BC6E76B2CA3}.Debug|Any CPU.ActiveCfg = Debug|Any CPU
		{CE764A41-3E9D-425A-96E8-3BC6E76B2CA3}.Debug|Any CPU.Build.0 = Debug|Any CPU
		{CE764A41-3E9D-425A-96E8-3BC6E76B2CA3}.Release|Any CPU.ActiveCfg = Release|Any CPU
		{CE764A41-3E9D-425A-96E8-3BC6E76B2CA3}.Release|Any CPU.Build.0 = Release|Any CPU
		{A2A5E33B-791C-4CE0-8040-9586505032B0}.Debug|Any CPU.ActiveCfg = Debug|Any CPU
		{A2A5E33B-791C-4CE0-8040-9586505032B0}.Debug|Any CPU.Build.0 = Debug|Any CPU
		{A2A5E33B-791C-4CE0-8040-9586505032B0}.Release|Any CPU.ActiveCfg = Release|Any CPU
		{A2A5E33B-791C-4CE0-8040-9586505032B0}.Release|Any CPU.Build.0 = Release|Any CPU
		{A3AD1891-A743-4912-878B-8D31CE2AAD2E}.Debug|Any CPU.ActiveCfg = Debug|Any CPU
		{A3AD1891-A743-4912-878B-8D31CE2AAD2E}.Debug|Any CPU.Build.0 = Debug|Any CPU
		{A3AD1891-A743-4912-878B-8D31CE2AAD2E}.Release|Any CPU.ActiveCfg = Release|Any CPU
		{A3AD1891-A743-4912-878B-8D31CE2AAD2E}.Release|Any CPU.Build.0 = Release|Any CPU
		{F8BE44F9-5540-4D9D-84F8-A2614CD30987}.Debug|Any CPU.ActiveCfg = Debug|Any CPU
		{F8BE44F9-5540-4D9D-84F8-A2614CD30987}.Debug|Any CPU.Build.0 = Debug|Any CPU
		{F8BE44F9-5540-4D9D-84F8-A2614CD30987}.Release|Any CPU.ActiveCfg = Release|Any CPU
		{F8BE44F9-5540-4D9D-84F8-A2614CD30987}.Release|Any CPU.Build.0 = Release|Any CPU
		{5056E31E-12C6-440C-8C50-E7DB2CCD060C}.Debug|Any CPU.ActiveCfg = Debug|Any CPU
		{5056E31E-12C6-440C-8C50-E7DB2CCD060C}.Debug|Any CPU.Build.0 = Debug|Any CPU
		{5056E31E-12C6-440C-8C50-E7DB2CCD060C}.Release|Any CPU.ActiveCfg = Release|Any CPU
		{5056E31E-12C6-440C-8C50-E7DB2CCD060C}.Release|Any CPU.Build.0 = Release|Any CPU
	EndGlobalSection
	GlobalSection(SolutionProperties) = preSolution
		HideSolutionNode = FALSE
	EndGlobalSection
EndGlobal
